
Microsoft Visual Studio Solution File, Format Version 12.00
# Visual Studio 14
VisualStudioVersion = 14.0.25420.1
MinimumVisualStudioVersion = 10.0.40219.1
Project("{FAE04EC0-301F-11D3-BF4B-00C04F79EFBC}") = "TcpListenerAsync", "TcpListenerAsync\TcpListenerAsync.csproj", "{2E0710B5-4779-4E06-A724-8B5E5D32559F}"
EndProject
Project("{FAE04EC0-301F-11D3-BF4B-00C04F79EFBC}") = "TcpClientAsync", "TcpClientAsync\TcpClientAsync.csproj", "{5A1490DB-86FF-40B1-BACA-889CD4EE9AAF}"
EndProject
Global
	GlobalSection(SolutionConfigurationPlatforms) = preSolution
		Debug|Any CPU = Debug|Any CPU
		Release|Any CPU = Release|Any CPU
	EndGlobalSection
	GlobalSection(ProjectConfigurationPlatforms) = postSolution
		{2E0710B5-4779-4E06-A724-8B5E5D32559F}.Debug|Any CPU.ActiveCfg = Debug|Any CPU
		{2E0710B5-4779-4E06-A724-8B5E5D32559F}.Debug|Any CPU.Build.0 = Debug|Any CPU
		{2E0710B5-4779-4E06-A724-8B5E5D32559F}.Release|Any CPU.ActiveCfg = Release|Any CPU
		{2E0710B5-4779-4E06-A724-8B5E5D32559F}.Release|Any CPU.Build.0 = Release|Any CPU
		{5A1490DB-86FF-40B1-BACA-889CD4EE9AAF}.Debug|Any CPU.ActiveCfg = Debug|Any CPU
		{5A1490DB-86FF-40B1-BACA-889CD4EE9AAF}.Debug|Any CPU.Build.0 = Debug|Any CPU
		{5A1490DB-86FF-40B1-BACA-889CD4EE9AAF}.Release|Any CPU.ActiveCfg = Release|Any CPU
		{5A1490DB-86FF-40B1-BACA-889CD4EE9AAF}.Release|Any CPU.Build.0 = Release|Any CPU
	EndGlobalSection
	GlobalSection(SolutionProperties) = preSolution
		HideSolutionNode = FALSE
	EndGlobalSection
EndGlobal
